alembic==1.19.2 --hash=sha256:32d553dcd577e6fe5c3c63e91468526d35e4dcecafe865d7db4e9b328fa93cb2
annotated-doc==0.0.5 --hash=sha256:117bac03a25ede5df5440e855b32d556049ca169ead221505badf432fed4b101
annotated-types==0.8.0 --hash=sha256:f072f4d804ea359e4eaf198b1af7a8b0943881a87f31bb764f8bf219bb9419e0
anyio==4.15.1 --hash=sha256:6152fdbbf9a77fdec97731721bebf7c4c44f7c29b424b0065826173efc7ed101
APScheduler==3.11.3 --hash=sha256:bbeb2ec02d23d3c06a6c07ed7f0f3939ada6680eb121fae809a69bb42c537a30
asyncpg==0.31.0 --hash=sha256:aad7a33913fb8bcb5454313377cc330fbb19a0cd5faa7272407d8a0c4257b671
asyncssh==2.24.0 --hash=sha256:9abd46300adcb6d4b73269b34c53cd0d17a138b9a22b5b38008ce7d5808734b7
backports.zstd==1.7.0 --hash=sha256:470895d0bcddc850766e593d1b26764fb138c2feed149f515a2627ef9587d54c
bcrypt==4.0.1 --hash=sha256:ca3204d00d3cb2dfed07f2d74a25f12fc12f73e606fcaa6975d1f7ae69cacbb2
certifi==2026.7.22 --hash=sha256:62f22742b58a1a33014a2b6b706588a8d7e2a88ae7bd1a6ebe8c992928483775
cffi==2.1.1 --hash=sha256:c1453022f490d2459a11819d83ad1d586e9ff65a12ac3e705ffebd46d3685dcf
click==8.5.0 --hash=sha256:255bc9599cf7748b4b1a446ccc735421bd08a2ae529a8b88597d3de5664ee360
clickhouse-connect==1.8.0 --hash=sha256:1064f603e95af94f39619d47e460dcf880a0ee20b2289ebbcac670eb257d44ea
cryptography==50.0.1 --hash=sha256:51afcfceb15597cf2635068e4ac9a56b2abde622edde17f37d85fd7b5306497a
et_xmlfile==2.0.0 --hash=sha256:7a91720bc756843502c3b7504c77b8fe44217c85c537d85037f0f536151b2caa
fastapi==0.141.1 --hash=sha256:bfb91aa2d334c61cb35ba9a116fc123b3d3df31640b801cf57a7a78ec3f603b3
greenlet==3.5.5 --hash=sha256:147b25a42e5ca5be3d42356e8f608b37af715a1c196e9bf9d1627f3341adfe1d
gunicorn==26.2.0 --hash=sha256:bd249d0b3f7972f7432f0a6b6ff3b3ee2d129f70cd1ff6c09a9dd9e29a2b88e3
h11==0.16.0 --hash=sha256:63cf8bbe7522de3bf65932fda1d9c2772064ffb3dae62d55932da54b31cb6c86
hiredis==3.4.1 --hash=sha256:7a2cd31cba425ae954abeafa5dd74552e5ffa61661d3c8098cc66787330c1779
httpcore==1.0.9 --hash=sha256:2d400746a40668fc9dec9810239072b40b4484b640a8c38fd654a024c7a1bf55
httptools==0.8.0 --hash=sha256:b15fc622b0f869d19207c4089a501d9bcc63ca5e071ffdd2f03f922df882dcb2
httpx==0.28.1 --hash=sha256:d909fcccc110f8c7faf814ca82a9a4d816bc5a6dbfea25d6591d6985b8ba59ad
idna==3.19 --hash=sha256:815e7be7a7806d54abb586dc943addc79e8b2ee16915059658cbeff4b1b43bf4
invoke==3.0.3 --hash=sha256:f11327165e5cbb89b2ad1d88d3292b5113332c43b8553b494da435d6ec6f5053
Jinja2==3.1.6 --hash=sha256:85ece4451f492d0c13c5dd7c13a64681a86afae63a5f347908daf103ce6d2f67
lz4==4.4.5 --hash=sha256:24092635f47538b392c4eaeff14c7270d2c8e806bf4be2a6446a378591c5e69e
Mako==1.4.1 --hash=sha256:a359d9a94a541213958742b2698d0a7757bb83551767bc468a74b9905aba9617
MarkupSafe==3.0.3 --hash=sha256:d6dd0be5b5b189d31db7cda48b91d7e0a9795f31430b7f271219ab30f1d3ac9d
openpyxl==3.1.5 --hash=sha256:5282c12b107bffeef825f4617dc029afaf41d0ea60823bbb665ef3079dc79de2
paramiko==5.0.0 --hash=sha256:b7044611c30140d9a75261653210e2002977b71a0497ff3ba0d98d7edbf62f7c
passlib==1.7.4 --hash=sha256:aa6bca462b8d8bda89c70b382f0c298a20b5560af6cbfa2dce410c0a2fb669f1
prometheus-fastapi-instrumentator==8.1.0 --hash=sha256:b9f40b2cff3f7891ca0610b3ae4fc6ec723fd326b04bb659819aaeb821a0fc7d
prometheus_client==0.26.0 --hash=sha256:fa93d06737aa02bacd05794768508bb97d2fbee28cb3bca04eaae92f0ca953d6
prompt_toolkit==3.0.53 --hash=sha256:01c0891d7f9237d5e339f7d3e42cdae80b7534abb1c7c0e3352efba6231492f2
psycopg2-binary==2.9.12 --hash=sha256:9fe06d93e72f1c048e731a2e3e7854a5bfaa58fc736068df90b352cefe66f03f
pycparser==3.0 --hash=sha256:b727414169a36b7d524c1c3e31839a521725078d7b2ff038656844266160a992
pydantic==2.13.5 --hash=sha256:346a034f080da3755d8e9cb5e00e8b07de1d39e4f6e2c87d8ab7cafa0b269a73
pydantic-settings==2.15.0 --hash=sha256:0ba092c291c94baceb5eff768aa0d56400a457585bc0175925a5a5510303da42
pydantic_core==2.46.5 --hash=sha256:0fc5be0abd4a407e200d844b404e33639a554e7bd0d448e7b9ae181be4789ac2
PyJWT==2.13.0 --hash=sha256:66adcc2aff09b3f1bbd95fc1e1577df8ac8723c978552fd43304c8a290ac5728
PyNaCl==1.6.2 --hash=sha256:c8a231e36ec2cab018c4ad4358c386e36eede0319a0c41fed24f840b1dac59f6
python-dotenv==1.2.3 --hash=sha256:904552145e8bfed22162c09dab1c2b9b54fefa7b23ba780f4f26ca0316b0f0d9
python-multipart==0.0.32 --hash=sha256:ff6d3f776f16878c894e52e107296ffc890e913c611b1a4ec6c44e2821fe2e23
pytz==2026.3.post1 --hash=sha256:dd95840dd199baea12d9cc096a1d452caa6596a1c1e4b5f3dbd1541855d5e815
PyYAML==6.0.3 --hash=sha256:ba1cc08a7ccde2d2ec775841541641e4548226580ab850948cbfda66a1befcdc
redis==8.1.0 --hash=sha256:a4fe1aac3d3b3cc791d4b3d5931c5a956045dc951ee74d1c913ee3ac4d2ee9fb
SQLAlchemy==2.0.52 --hash=sha256:8738008376d22f30f411ea3efecf39b51110b6996d80bb73786f30bcfdd5fd3b
starlette==1.6.0 --hash=sha256:a86dd39d14bb45f85a3d18525215a9ef0cfd1f192ac793220e72598c90335f0c
typing-inspection==0.4.4 --hash=sha256:65b8397ba37ccbce054456aaccddfc91e6e3083c92824df348d96ca832f3f147
typing_extensions==4.16.0 --hash=sha256:481caa481374e813c1b176ada14e97f1f67a4539ce9cfeb3f350d78d6370c2e8
tzlocal==5.4.4 --hash=sha256:aae09f0126a8a86fa736be266eb4a471380d26a0de3bc14844e7821fee3e2a15
urllib3==2.7.0 --hash=sha256:9fb4c81ebbb1ce9531cce37674bbc6f1360472bc18ca9a553ede278ef7276897
uvicorn==0.52.4 --hash=sha256:f86e41a149d7d05a9969337e3946a9c171c06a5d42680896daaba624aeac8da1
uvloop==0.22.1 --hash=sha256:7b5b1ac819a3f946d3b2ee07f09149578ae76066d70b44df3fa990add49a82e4
watchfiles==1.2.0 --hash=sha256:e53a384f76b631c3ae5334ce6a52f0baa3a911eb94a4eac7f160079868b716d5
wcwidth==0.8.3 --hash=sha256:d5b73dba6158a595ec9370350e7f2637bcac8d6c5e4fde34f30fcffb6103a5e4
websockets==17.1 --hash=sha256:0c863507ada5805517ca6dff1c524dcd42942efe6304dacf06700878398d21a6
zstandard==0.25.0 --hash=sha256:5a56ba0db2d244117ed744dfa8f6f5b366e14148e00de44723413b2f3938a902
playwright==1.62.0 --hash=sha256:ba33bae6a13b3d9d354c751cb618af357d20fe1d57767cbcce52079bbef17ad3
pyee==13.0.1 --hash=sha256:af2f8fede4171ef667dfded53f96e2ed0d6e6bd7ee3bb46437f77e3b57689228
